
Microsoft Visual Studio Solution File, Format Version 12.00
# Visual Studio Version 17
VisualStudioVersion = 17.8.34309.116
MinimumVisualStudioVersion = 10.0.40219.1
Project("{FAE04EC0-301F-11D3-BF4B-00C04F79EFBC}") = "AudioPlayer", "AudioPlayer.csproj", "{0C7647E4-97A4-4AD7-86EE-261F33EB1960}"
EndProject
Project("{FAE04EC0-301F-11D3-BF4B-00C04F79EFBC}") = "BuesnissLayer", "BuesnissLayer\BuesnissLayer.csproj", "{542AB3CA-EF94-425D-8D93-A6258FD97555}"
EndProject
Project("{FAE04EC0-301F-11D3-BF4B-00C04F79EFBC}") = "Test", "Test\Test.csproj", "{0C9724A0-D034-4F90-A9B2-C8F75B290F83}"
EndProject
Global
	GlobalSection(SolutionConfigurationPlatforms) = preSolution
		Debug|Any CPU = Debug|Any CPU
		Release|Any CPU = Release|Any CPU
	EndGlobalSection
	GlobalSection(ProjectConfigurationPlatforms) = postSolution
		{0C7647E4-97A4-4AD7-86EE-261F33EB1960}.Debug|Any CPU.ActiveCfg = Debug|Any CPU
		{0C7647E4-97A4-4AD7-86EE-261F33EB1960}.Debug|Any CPU.Build.0 = Debug|Any CPU
		{0C7647E4-97A4-4AD7-86EE-261F33EB1960}.Release|Any CPU.ActiveCfg = Release|Any CPU
		{0C7647E4-97A4-4AD7-86EE-261F33EB1960}.Release|Any CPU.Build.0 = Release|Any CPU
		{542AB3CA-EF94-425D-8D93-A6258FD97555}.Debug|Any CPU.ActiveCfg = Debug|Any CPU
		{542AB3CA-EF94-425D-8D93-A6258FD97555}.Debug|Any CPU.Build.0 = Debug|Any CPU
		{542AB3CA-EF94-425D-8D93-A6258FD97555}.Release|Any CPU.ActiveCfg = Release|Any CPU
		{542AB3CA-EF94-425D-8D93-A6258FD97555}.Release|Any CPU.Build.0 = Release|Any CPU
		{0C9724A0-D034-4F90-A9B2-C8F75B290F83}.Debug|Any CPU.ActiveCfg = Debug|Any CPU
		{0C9724A0-D034-4F90-A9B2-C8F75B290F83}.Debug|Any CPU.Build.0 = Debug|Any CPU
		{0C9724A0-D034-4F90-A9B2-C8F75B290F83}.Release|Any CPU.ActiveCfg = Release|Any CPU
		{0C9724A0-D034-4F90-A9B2-C8F75B290F83}.Release|Any CPU.Build.0 = Release|Any CPU
	EndGlobalSection
	GlobalSection(SolutionProperties) = preSolution
		HideSolutionNode = FALSE
	EndGlobalSection
	GlobalSection(ExtensibilityGlobals) = postSolution
		SolutionGuid = {960FF1F6-0B99-4DD9-A88A-6C16C2E65EAA}
	EndGlobalSection
EndGlobal
